// !$*UTF8*$!
{
	archiveVersion = 1;
	classes = {
	};
	objectVersion = 46;
	objects = {

/* Begin PBXBuildFile section */
		1C82EB831D5D2A0200A0B185 /* Location.swift in Sources */ = {isa = PBXBuildFile; fileRef = 1C82EB821D5D2A0200A0B185 /* Location.swift */; };
		1CC575251D5999F60012056F /* LibCoords.h in Headers */ = {isa = PBXBuildFile; fileRef = 1CC575231D5999F60012056F /* LibCoords.h */; settings = {ATTRIBUTES = (Public, ); }; };
		1CE418571D6AA3290037A808 /* Location.m in Sources */ = {isa = PBXBuildFile; fileRef = 1CE418551D6AA3290037A808 /* Location.m */; };
		1CE418581D6AA3290037A808 /* Location.h in Headers */ = {isa = PBXBuildFile; fileRef = 1CE418561D6AA3290037A808 /* Location.h */; settings = {ATTRIBUTES = (Public, ); }; };
/* End PBXBuildFile section */

/* Begin PBXFileReference section */
		1C82EB821D5D2A0200A0B185 /* Location.swift */ = {isa = PBXFileReference; fileEncoding = 4; lastKnownFileType = sourcecode.swift; path = Location.swift; sourceTree = "<group>"; };
		1CC575201D5999F60012056F /* LibCoords.framework */ = {isa = PBXFileReference; explicitFileType = wrapper.framework; includeInIndex = 0; path = LibCoords.framework; sourceTree = BUILT_PRODUCTS_DIR; };
		1CC575231D5999F60012056F /* LibCoords.h */ = {isa = PBXFileReference; lastKnownFileType = sourcecode.c.h; path = LibCoords.h; sourceTree = "<group>"; };
		1CC575241D5999F60012056F /* Info.plist */ = {isa = PBXFileReference; lastKnownFileType = text.plist.xml; path = Info.plist; sourceTree = "<group>"; };
		1CE418551D6AA3290037A808 /* Location.m */ = {isa = PBXFileReference; fileEncoding = 4; lastKnownFileType = sourcecode.c.objc; name = Location.m; path = "LibCoords/LibCoords-Bridge/Location.m"; sourceTree = "<group>"; };
		1CE418561D6AA3290037A808 /* Location.h */ = {isa = PBXFileReference; fileEncoding = 4; lastKnownFileType = sourcecode.c.h; name = Location.h; path = "LibCoords/LibCoords-Bridge/Location.h"; sourceTree = "<group>"; };
		1CE418591D6AA3400037A808 /* module.map */ = {isa = PBXFileReference; lastKnownFileType = "sourcecode.module-map"; name = module.map; path = "LibCoords/LibCoords-Bridge/module.map"; sourceTree = "<group>"; };
/* End PBXFileReference section */

/* Begin PBXFrameworksBuildPhase section */
		1CC5751C1D5999F60012056F /* Frameworks */ = {
			isa = PBXFrameworksBuildPhase;
			buildActionMask = 2147483647;
			files = (
			);
			runOnlyForDeploymentPostprocessing = 0;
		};
/* End PBXFrameworksBuildPhase section */

/* Begin PBXGroup section */
		1CC575161D5999F60012056F = {
			isa = PBXGroup;
			children = (
				1CE418541D6AA2EF0037A808 /* LibCoords-Bridge */,
				1CC575221D5999F60012056F /* LibCoords */,
				1CC575211D5999F60012056F /* Products */,
			);
			sourceTree = "<group>";
		};
		1CC575211D5999F60012056F /* Products */ = {
			isa = PBXGroup;
			children = (
				1CC575201D5999F60012056F /* LibCoords.framework */,
			);
			name = Products;
			sourceTree = "<group>";
		};
		1CC575221D5999F60012056F /* LibCoords */ = {
			isa = PBXGroup;
			children = (
				1C82EB821D5D2A0200A0B185 /* Location.swift */,
				1CC575231D5999F60012056F /* LibCoords.h */,
				1CC575241D5999F60012056F /* Info.plist */,
			);
			path = LibCoords;
			sourceTree = "<group>";
		};
		1CE418541D6AA2EF0037A808 /* LibCoords-Bridge */ = {
			isa = PBXGroup;
			children = (
				1CE418551D6AA3290037A808 /* Location.m */,
				1CE418561D6AA3290037A808 /* Location.h */,
				1CE418591D6AA3400037A808 /* module.map */,
			);
			name = "LibCoords-Bridge";
			sourceTree = "<group>";
		};
/* End PBXGroup section */

/* Begin PBXHeadersBuildPhase section */
		1CC5751D1D5999F60012056F /* Headers */ = {
			isa = PBXHeadersBuildPhase;
			buildActionMask = 2147483647;
			files = (
				1CE418581D6AA3290037A808 /* Location.h in Headers */,
				1CC575251D5999F60012056F /* LibCoords.h in Headers */,
			);
			runOnlyForDeploymentPostprocessing = 0;
		};
/* End PBXHeadersBuildPhase section */

/* Begin PBXNativeTarget section */
		1CC5751F1D5999F60012056F /* LibCoords */ = {
			isa = PBXNativeTarget;
			buildConfigurationList = 1CC575281D5999F60012056F /* Build configuration list for PBXNativeTarget "LibCoords" */;
			buildPhases = (
				1CC5751B1D5999F60012056F /* Sources */,
				1CC5751C1D5999F60012056F /* Frameworks */,
				1CC5751D1D5999F60012056F /* Headers */,
				1CC5751E1D5999F60012056F /* Resources */,
			);
			buildRules = (
			);
			dependencies = (
			);
			name = LibCoords;
			productName = LibCoords;
			productReference = 1CC575201D5999F60012056F /* LibCoords.framework */;
			productType = "com.apple.product-type.framework";
		};
/* End PBXNativeTarget section */

/* Begin PBXProject section */
		1CC575171D5999F60012056F /* Project object */ = {
			isa = PBXProject;
			attributes = {
				LastUpgradeCheck = 0800;
				ORGANIZATIONNAME = example;
				TargetAttributes = {
					1CC5751F1D5999F60012056F = {
						CreatedOnToolsVersion = 8.0;
						LastSwiftMigration = 0800;
						ProvisioningStyle = Automatic;
					};
				};
			};
			buildConfigurationList = 1CC5751A1D5999F60012056F /* Build configuration list for PBXProject "LibCoords" */;
			compatibilityVersion = "Xcode 3.2";
			developmentRegion = English;
			hasScannedForEncodings = 0;
			knownRegions = (
				en,
			);
			mainGroup = 1CC575161D5999F60012056F;
			productRefGroup = 1CC575211D5999F60012056F /* Products */;
			projectDirPath = "";
			projectRoot = "";
			targets = (
				1CC5751F1D5999F60012056F /* LibCoords */,
			);
		};
/* End PBXProject section */

/* Begin PBXResourcesBuildPhase section */
		1CC5751E1D5999F60012056F /* Resources */ = {
			isa = PBXResourcesBuildPhase;
			buildActionMask = 2147483647;
			files = (
			);
			runOnlyForDeploymentPostprocessing = 0;
		};
/* End PBXResourcesBuildPhase section */

/* Begin PBXSourcesBuildPhase section */
		1CC5751B1D5999F60012056F /* Sources */ = {
			isa = PBXSourcesBuildPhase;
			buildActionMask = 2147483647;
			files = (
				1CE418571D6AA3290037A808 /* Location.m in Sources */,
				1C82EB831D5D2A0200A0B185 /* Location.swift in Sources */,
			);
			runOnlyForDeploymentPostprocessing = 0;
		};
/* End PBXSourcesBuildPhase section */

/* Begin XCBuildConfiguration section */
		1CC575261D5999F60012056F /* Debug */ = {
			isa = XCBuildConfiguration;
			buildSettings = {
				ALWAYS_SEARCH_USER_PATHS = NO;
				CLANG_ANALYZER_NONNULL = YES;
				CLANG_CXX_LANGUAGE_STANDARD = "gnu++0x";
				CLANG_CXX_LIBRARY = "libc++";
				CLANG_ENABLE_MODULES = YES;
				CLANG_ENABLE_OBJC_ARC = YES;
				CLANG_WARN_BOOL_CONVERSION = YES;
				CLANG_WARN_CONSTANT_CONVERSION = YES;
				CLANG_WARN_DIRECT_OBJC_ISA_USAGE = YES_ERROR;
				CLANG_WARN_DOCUMENTATION_COMMENTS = YES;
				CLANG_WARN_EMPTY_BODY = YES;
				CLANG_WARN_ENUM_CONVERSION = YES;
				CLANG_WARN_INT_CONVERSION = YES;
				CLANG_WARN_OBJC_ROOT_CLASS = YES_ERROR;
				CLANG_WARN_UNREACHABLE_CODE = YES;
				CLANG_WARN__DUPLICATE_METHOD_MATCH = YES;
				CODE_SIGN_IDENTITY = "-";
				COPY_PHASE_STRIP = NO;
				CURRENT_PROJECT_VERSION = 1;
				DEBUG_INFORMATION_FORMAT = dwarf;
				ENABLE_STRICT_OBJC_MSGSEND = YES;
				ENABLE_TESTABILITY = YES;
				GCC_C_LANGUAGE_STANDARD = gnu99;
				GCC_DYNAMIC_NO_PIC = NO;
				GCC_NO_COMMON_BLOCKS = YES;
				GCC_OPTIMIZATION_LEVEL = 0;
				GCC_PREPROCESSOR_DEFINITIONS = (
					"DEBUG=1",
					"$(inherited)",
				);
				GCC_WARN_64_TO_32_BIT_CONVERSION = YES;
				GCC_WARN_ABOUT_RETURN_TYPE = YES_ERROR;
				GCC_WARN_UNDECLARED_SELECTOR = YES;
				GCC_WARN_UNINITIALIZED_AUTOS = YES_AGGRESSIVE;
				GCC_WARN_UNUSED_FUNCTION = YES;
				GCC_WARN_UNUSED_VARIABLE = YES;
				MACOSX_DEPLOYMENT_TARGET = 10.12;
				MTL_ENABLE_DEBUG_INFO = YES;
				ONLY_ACTIVE_ARCH = YES;
				SDKROOT = macosx;
				SWIFT_ACTIVE_COMPILATION_CONDITIONS = DEBUG;
				SWIFT_OPTIMIZATION_LEVEL = "-Onone";
				VERSIONING_SYSTEM = "apple-generic";
				VERSION_INFO_PREFIX = "";
			};
			name = Debug;
		};
		1CC575271D5999F60012056F /* Release */ = {
			isa = XCBuildConfiguration;
			buildSettings = {
				ALWAYS_SEARCH_USER_PATHS = NO;
				CLANG_ANALYZER_NONNULL = YES;
				CLANG_CXX_LANGUAGE_STANDARD = "gnu++0x";
				CLANG_CXX_LIBRARY = "libc++";
				CLANG_ENABLE_MODULES = YES;
				CLANG_ENABLE_OBJC_ARC = YES;
				CLANG_WARN_BOOL_CONVERSION = YES;
				CLANG_WARN_CONSTANT_CONVERSION = YES;
				CLANG_WARN_DIRECT_OBJC_ISA_USAGE = YES_ERROR;
				CLANG_WARN_DOCUMENTATION_COMMENTS = YES;
				CLANG_WARN_EMPTY_BODY = YES;
				CLANG_WARN_ENUM_CONVERSION = YES;
				CLANG_WARN_INT_CONVERSION = YES;
				CLANG_WARN_OBJC_ROOT_CLASS = YES_ERROR;
				CLANG_WARN_UNREACHABLE_CODE = YES;
				CLANG_WARN__DUPLICATE_METHOD_MATCH = YES;
				CODE_SIGN_IDENTITY = "-";
				COPY_PHASE_STRIP = NO;
				CURRENT_PROJECT_VERSION = 1;
				DEBUG_INFORMATION_FORMAT = "dwarf-with-dsym";
				ENABLE_NS_ASSERTIONS = NO;
				ENABLE_STRICT_OBJC_MSGSEND = YES;
				GCC_C_LANGUAGE_STANDARD = gnu99;
				GCC_NO_COMMON_BLOCKS = YES;
				GCC_WARN_64_TO_32_BIT_CONVERSION = YES;
				GCC_WARN_ABOUT_RETURN_TYPE = YES_ERROR;
				GCC_WARN_UNDECLARED_SELECTOR = YES;
				GCC_WARN_UNINITIALIZED_AUTOS = YES_AGGRESSIVE;
				GCC_WARN_UNUSED_FUNCTION = YES;
				GCC_WARN_UNUSED_VARIABLE = YES;
				MACOSX_DEPLOYMENT_TARGET = 10.12;
				MTL_ENABLE_DEBUG_INFO = NO;
				SDKROOT = macosx;
				SWIFT_OPTIMIZATION_LEVEL = "-Owholemodule";
				VERSIONING_SYSTEM = "apple-generic";
				VERSION_INFO_PREFIX = "";
			};
			name = Release;
		};
		1CC575291D5999F60012056F /* Debug */ = {
			isa = XCBuildConfiguration;
			buildSettings = {
				CLANG_ENABLE_MODULES = YES;
				CODE_SIGN_IDENTITY = "";
				COMBINE_HIDPI_IMAGES = YES;
				DEFINES_MODULE = YES;
				DYLIB_COMPATIBILITY_VERSION = 1;
				DYLIB_CURRENT_VERSION = 1;
				DYLIB_INSTALL_NAME_BASE = "@rpath";
				FRAMEWORK_VERSION = A;
				INFOPLIST_FILE = LibCoords/Info.plist;
				INSTALL_PATH = "$(LOCAL_LIBRARY_DIR)/Frameworks";
				LD_RUNPATH_SEARCH_PATHS = "$(inherited) @executable_path/../Frameworks @loader_path/Frameworks";
				PRODUCT_BUNDLE_IDENTIFIER = com.example.LibCoords;
				PRODUCT_NAME = "$(TARGET_NAME)";
				SKIP_INSTALL = YES;
				SWIFT_INCLUDE_PATHS = "$(SRCROOT)/LibCoords/LibCoords-Bridge";
				SWIFT_OBJC_BRIDGING_HEADER = "";
				SWIFT_OPTIMIZATION_LEVEL = "-Onone";
				SWIFT_VERSION = 3.0;
			};
			name = Debug;
		};
		1CC5752A1D5999F60012056F /* Release */ = {
			isa = XCBuildConfiguration;
			buildSettings = {
				CLANG_ENABLE_MODULES = YES;
				CODE_SIGN_IDENTITY = "";
				COMBINE_HIDPI_IMAGES = YES;
				DEFINES_MODULE = YES;
				DYLIB_COMPATIBILITY_VERSION = 1;
				DYLIB_CURRENT_VERSION = 1;
				DYLIB_INSTALL_NAME_BASE = "@rpath";
				FRAMEWORK_VERSION = A;
				INFOPLIST_FILE = LibCoords/Info.plist;
				INSTALL_PATH = "$(LOCAL_LIBRARY_DIR)/Frameworks";
				LD_RUNPATH_SEARCH_PATHS = "$(inherited) @executable_path/../Frameworks @loader_path/Frameworks";
				PRODUCT_BUNDLE_IDENTIFIER = com.example.LibCoords;
				PRODUCT_NAME = "$(TARGET_NAME)";
				SKIP_INSTALL = YES;
				SWIFT_INCLUDE_PATHS = "$(SRCROOT)/LibCoords/LibCoords-Bridge";
				SWIFT_OBJC_BRIDGING_HEADER = "";
				SWIFT_VERSION = 3.0;
			};
			name = Release;
		};
/* End XCBuildConfiguration section */

/* Begin XCConfigurationList section */
		1CC5751A1D5999F60012056F /* Build configuration list for PBXProject "LibCoords" */ = {
			isa = XCConfigurationList;
			buildConfigurations = (
				1CC575261D5999F60012056F /* Debug */,
				1CC575271D5999F60012056F /* Release */,
			);
			defaultConfigurationIsVisible = 0;
			defaultConfigurationName = Release;
		};
		1CC575281D5999F60012056F /* Build configuration list for PBXNativeTarget "LibCoords" */ = {
			isa = XCConfigurationList;
			buildConfigurations = (
				1CC575291D5999F60012056F /* Debug */,
				1CC5752A1D5999F60012056F /* Release */,
			);
			defaultConfigurationIsVisible = 0;
			defaultConfigurationName = Release;
		};
/* End XCConfigurationList section */
	};
	rootObject = 1CC575171D5999F60012056F /* Project object */;
}
